
Microsoft Visual Studio Solution File, Format Version 12.00
# 
VisualStudioVersion = 17.5.002.0
MinimumVisualStudioVersion = 
Project("{FAE04EC0-301F-11D3-BF4B-00C04F79EFBC}") = "AbstractFactory", "AbstractFactory\AbstractFactory.csproj", "{46B1B24D-156D-48B6-B1D2-104EE0EB72AD}"
EndProject
Project("{FAE04EC0-301F-11D3-BF4B-00C04F79EFBC}") = "BuilderPattern", "BuilderPattern\BuilderPattern.csproj", "{08C48946-59E0-4E74-A6EC-96ED8FF5EC24}"
EndProject
Project("{FAE04EC0-301F-11D3-BF4B-00C04F79EFBC}") = "Adapter", "Adapter\Adapter.csproj", "{4F754239-D337-46DC-930E-B79E6988590B}"
EndProject
Project("{FAE04EC0-301F-11D3-BF4B-00C04F79EFBC}") = "BridgePattern", "BridgePattern\BridgePattern.csproj", "{66E9A1D9-3E06-4AE5-B702-74BCCDD08C92}"
EndProject
Project("{FAE04EC0-301F-11D3-BF4B-00C04F79EFBC}") = "CompositePattern", "CompositePattern\CompositePattern.csproj", "{5F01FE32-E709-4421-993A-23C1182739E7}"
EndProject
Project("{FAE04EC0-301F-11D3-BF4B-00C04F79EFBC}") = "DecoratorPattern", "DecoratorPattern\DecoratorPattern.csproj", "{AA62D00B-F151-41D7-927C-02C415E25629}"
EndProject
Project("{FAE04EC0-301F-11D3-BF4B-00C04F79EFBC}") = "FacadePattern", "FacadePattern\FacadePattern.csproj", "{8F12E04B-F05A-4900-9012-1998554B4025}"
EndProject
Project("{FAE04EC0-301F-11D3-BF4B-00C04F79EFBC}") = "FlyweightPattern", "FlyweightPattern\FlyweightPattern.csproj", "{9817EF88-D018-4F2B-A994-DE69438E96AE}"
EndProject
Project("{FAE04EC0-301F-11D3-BF4B-00C04F79EFBC}") = "SingletonPattern", "SingletonPattern\SingletonPattern.csproj", "{0948CA13-5796-495E-8792-0B183ACD64F6}"
EndProject
Project("{FAE04EC0-301F-11D3-BF4B-00C04F79EFBC}") = "ProxyPattern", "ProxyPattern\ProxyPattern.csproj", "{82EB30DC-85C6-4705-9438-5BF2435EDF82}"
EndProject
Project("{FAE04EC0-301F-11D3-BF4B-00C04F79EFBC}") = "ChainOfResponsibility", "ChainOfResponsibility\ChainOfResponsibility.csproj", "{7A64589C-0ECD-4BE7-BCC8-3D4DEFEF9E71}"
EndProject
Project("{FAE04EC0-301F-11D3-BF4B-00C04F79EFBC}") = "CommandPattern", "CommandPattern\CommandPattern.csproj", "{7687D413-127F-40AC-9190-3B14B667AEDB}"
EndProject
Project("{FAE04EC0-301F-11D3-BF4B-00C04F79EFBC}") = "IteratorPattern", "Iterator\IteratorPattern.csproj", "{09B192D2-0D6A-4702-A9D7-62D6813BB7B4}"
EndProject
Global
	GlobalSection(SolutionConfigurationPlatforms) = preSolution
		Debug|Any CPU = Debug|Any CPU
		Release|Any CPU = Release|Any CPU
	EndGlobalSection
	GlobalSection(ProjectConfigurationPlatforms) = postSolution
		{46B1B24D-156D-48B6-B1D2-104EE0EB72AD}.Debug|Any CPU.ActiveCfg = Debug|Any CPU
		{46B1B24D-156D-48B6-B1D2-104EE0EB72AD}.Debug|Any CPU.Build.0 = Debug|Any CPU
		{46B1B24D-156D-48B6-B1D2-104EE0EB72AD}.Release|Any CPU.ActiveCfg = Release|Any CPU
		{46B1B24D-156D-48B6-B1D2-104EE0EB72AD}.Release|Any CPU.Build.0 = Release|Any CPU
		{08C48946-59E0-4E74-A6EC-96ED8FF5EC24}.Debug|Any CPU.ActiveCfg = Debug|Any CPU
		{08C48946-59E0-4E74-A6EC-96ED8FF5EC24}.Debug|Any CPU.Build.0 = Debug|Any CPU
		{08C48946-59E0-4E74-A6EC-96ED8FF5EC24}.Release|Any CPU.ActiveCfg = Release|Any CPU
		{08C48946-59E0-4E74-A6EC-96ED8FF5EC24}.Release|Any CPU.Build.0 = Release|Any CPU
		{4F754239-D337-46DC-930E-B79E6988590B}.Debug|Any CPU.ActiveCfg = Debug|Any CPU
		{4F754239-D337-46DC-930E-B79E6988590B}.Debug|Any CPU.Build.0 = Debug|Any CPU
		{4F754239-D337-46DC-930E-B79E6988590B}.Release|Any CPU.ActiveCfg = Release|Any CPU
		{4F754239-D337-46DC-930E-B79E6988590B}.Release|Any CPU.Build.0 = Release|Any CPU
		{66E9A1D9-3E06-4AE5-B702-74BCCDD08C92}.Debug|Any CPU.ActiveCfg = Debug|Any CPU
		{66E9A1D9-3E06-4AE5-B702-74BCCDD08C92}.Debug|Any CPU.Build.0 = Debug|Any CPU
		{66E9A1D9-3E06-4AE5-B702-74BCCDD08C92}.Release|Any CPU.ActiveCfg = Release|Any CPU
		{66E9A1D9-3E06-4AE5-B702-74BCCDD08C92}.Release|Any CPU.Build.0 = Release|Any CPU
		{5F01FE32-E709-4421-993A-23C1182739E7}.Debug|Any CPU.ActiveCfg = Debug|Any CPU
		{5F01FE32-E709-4421-993A-23C1182739E7}.Debug|Any CPU.Build.0 = Debug|Any CPU
		{5F01FE32-E709-4421-993A-23C1182739E7}.Release|Any CPU.ActiveCfg = Release|Any CPU
		{5F01FE32-E709-4421-993A-23C1182739E7}.Release|Any CPU.Build.0 = Release|Any CPU
		{AA62D00B-F151-41D7-927C-02C415E25629}.Debug|Any CPU.ActiveCfg = Debug|Any CPU
		{AA62D00B-F151-41D7-927C-02C415E25629}.Debug|Any CPU.Build.0 = Debug|Any CPU
		{AA62D00B-F151-41D7-927C-02C415E25629}.Release|Any CPU.ActiveCfg = Release|Any CPU
		{AA62D00B-F151-41D7-927C-02C415E25629}.Release|Any CPU.Build.0 = Release|Any CPU
		{8F12E04B-F05A-4900-9012-1998554B4025}.Debug|Any CPU.ActiveCfg = Debug|Any CPU
		{8F12E04B-F05A-4900-9012-1998554B4025}.Debug|Any CPU.Build.0 = Debug|Any CPU
		{8F12E04B-F05A-4900-9012-1998554B4025}.Release|Any CPU.ActiveCfg = Release|Any CPU
		{8F12E04B-F05A-4900-9012-1998554B4025}.Release|Any CPU.Build.0 = Release|Any CPU
		{9817EF88-D018-4F2B-A994-DE69438E96AE}.Debug|Any CPU.ActiveCfg = Debug|Any CPU
		{9817EF88-D018-4F2B-A994-DE69438E96AE}.Debug|Any CPU.Build.0 = Debug|Any CPU
		{9817EF88-D018-4F2B-A994-DE69438E96AE}.Release|Any CPU.ActiveCfg = Release|Any CPU
		{9817EF88-D018-4F2B-A994-DE69438E96AE}.Release|Any CPU.Build.0 = Release|Any CPU
		{0948CA13-5796-495E-8792-0B183ACD64F6}.Debug|Any CPU.ActiveCfg = Debug|Any CPU
		{0948CA13-5796-495E-8792-0B183ACD64F6}.Debug|Any CPU.Build.0 = Debug|Any CPU
		{0948CA13-5796-495E-8792-0B183ACD64F6}.Release|Any CPU.ActiveCfg = Release|Any CPU
		{0948CA13-5796-495E-8792-0B183ACD64F6}.Release|Any CPU.Build.0 = Release|Any CPU
		{82EB30DC-85C6-4705-9438-5BF2435EDF82}.Debug|Any CPU.ActiveCfg = Debug|Any CPU
		{82EB30DC-85C6-4705-9438-5BF2435EDF82}.Debug|Any CPU.Build.0 = Debug|Any CPU
		{82EB30DC-85C6-4705-9438-5BF2435EDF82}.Release|Any CPU.ActiveCfg = Release|Any CPU
		{82EB30DC-85C6-4705-9438-5BF2435EDF82}.Release|Any CPU.Build.0 = Release|Any CPU
		{7A64589C-0ECD-4BE7-BCC8-3D4DEFEF9E71}.Debug|Any CPU.ActiveCfg = Debug|Any CPU
		{7A64589C-0ECD-4BE7-BCC8-3D4DEFEF9E71}.Debug|Any CPU.Build.0 = Debug|Any CPU
		{7A64589C-0ECD-4BE7-BCC8-3D4DEFEF9E71}.Release|Any CPU.ActiveCfg = Release|Any CPU
		{7A64589C-0ECD-4BE7-BCC8-3D4DEFEF9E71}.Release|Any CPU.Build.0 = Release|Any CPU
		{7687D413-127F-40AC-9190-3B14B667AEDB}.Debug|Any CPU.ActiveCfg = Debug|Any CPU
		{7687D413-127F-40AC-9190-3B14B667AEDB}.Debug|Any CPU.Build.0 = Debug|Any CPU
		{7687D413-127F-40AC-9190-3B14B667AEDB}.Release|Any CPU.ActiveCfg = Release|Any CPU
		{7687D413-127F-40AC-9190-3B14B667AEDB}.Release|Any CPU.Build.0 = Release|Any CPU
		{09B192D2-0D6A-4702-A9D7-62D6813BB7B4}.Debug|Any CPU.ActiveCfg = Debug|Any CPU
		{09B192D2-0D6A-4702-A9D7-62D6813BB7B4}.Debug|Any CPU.Build.0 = Debug|Any CPU
		{09B192D2-0D6A-4702-A9D7-62D6813BB7B4}.Release|Any CPU.ActiveCfg = Release|Any CPU
		{09B192D2-0D6A-4702-A9D7-62D6813BB7B4}.Release|Any CPU.Build.0 = Release|Any CPU
	EndGlobalSection
	GlobalSection(SolutionProperties) = preSolution
		HideSolutionNode = FALSE
	EndGlobalSection
EndGlobal
