
Microsoft Visual Studio Solution File, Format Version 12.00
# 
Project("{FAE04EC0-301F-11D3-BF4B-00C04F79EFBC}") = "AbstractFactory", "AbstractFactory\AbstractFactory.csproj", "{46B1B24D-156D-48B6-B1D2-104EE0EB72AD}"
EndProject
Project("{FAE04EC0-301F-11D3-BF4B-00C04F79EFBC}") = "BuilderPattern", "BuilderPattern\BuilderPattern.csproj", "{08C48946-59E0-4E74-A6EC-96ED8FF5EC24}"
EndProject
Project("{FAE04EC0-301F-11D3-BF4B-00C04F79EFBC}") = "Adapter", "Adapter\Adapter.csproj", "{4F754239-D337-46DC-930E-B79E6988590B}"
EndProject
Project("{FAE04EC0-301F-11D3-BF4B-00C04F79EFBC}") = "BridgePattern", "BridgePattern\BridgePattern.csproj", "{66E9A1D9-3E06-4AE5-B702-74BCCDD08C92}"
EndProject
Global
	GlobalSection(SolutionConfigurationPlatforms) = preSolution
		Debug|Any CPU = Debug|Any CPU
		Release|Any CPU = Release|Any CPU
	EndGlobalSection
	GlobalSection(ProjectConfigurationPlatforms) = postSolution
		{46B1B24D-156D-48B6-B1D2-104EE0EB72AD}.Debug|Any CPU.ActiveCfg = Debug|Any CPU
		{46B1B24D-156D-48B6-B1D2-104EE0EB72AD}.Debug|Any CPU.Build.0 = Debug|Any CPU
		{46B1B24D-156D-48B6-B1D2-104EE0EB72AD}.Release|Any CPU.ActiveCfg = Release|Any CPU
		{46B1B24D-156D-48B6-B1D2-104EE0EB72AD}.Release|Any CPU.Build.0 = Release|Any CPU
		{08C48946-59E0-4E74-A6EC-96ED8FF5EC24}.Debug|Any CPU.ActiveCfg = Debug|Any CPU
		{08C48946-59E0-4E74-A6EC-96ED8FF5EC24}.Debug|Any CPU.Build.0 = Debug|Any CPU
		{08C48946-59E0-4E74-A6EC-96ED8FF5EC24}.Release|Any CPU.ActiveCfg = Release|Any CPU
		{08C48946-59E0-4E74-A6EC-96ED8FF5EC24}.Release|Any CPU.Build.0 = Release|Any CPU
		{4F754239-D337-46DC-930E-B79E6988590B}.Debug|Any CPU.ActiveCfg = Debug|Any CPU
		{4F754239-D337-46DC-930E-B79E6988590B}.Debug|Any CPU.Build.0 = Debug|Any CPU
		{4F754239-D337-46DC-930E-B79E6988590B}.Release|Any CPU.ActiveCfg = Release|Any CPU
		{4F754239-D337-46DC-930E-B79E6988590B}.Release|Any CPU.Build.0 = Release|Any CPU
		{66E9A1D9-3E06-4AE5-B702-74BCCDD08C92}.Debug|Any CPU.ActiveCfg = Debug|Any CPU
		{66E9A1D9-3E06-4AE5-B702-74BCCDD08C92}.Debug|Any CPU.Build.0 = Debug|Any CPU
		{66E9A1D9-3E06-4AE5-B702-74BCCDD08C92}.Release|Any CPU.ActiveCfg = Release|Any CPU
		{66E9A1D9-3E06-4AE5-B702-74BCCDD08C92}.Release|Any CPU.Build.0 = Release|Any CPU
	EndGlobalSection
EndGlobal
